
Microsoft Visual Studio Solution File, Format Version 12.00
# Visual Studio Version 17
VisualStudioVersion = 17.14.36603.0 d17.14
MinimumVisualStudioVersion = 10.0.40219.1
Project("{FAE04EC0-301F-11D3-BF4B-00C04F79EFBC}") = "MiLibreriaWPF", "MiLibreriaWPF\MiLibreriaWPF.csproj", "{5EA1A122-CFA2-4D68-8955-7686A4D398BB}"
EndProject
Project("{FAE04EC0-301F-11D3-BF4B-00C04F79EFBC}") = "AplicacionPrueba", "AplicacionPrueba\AplicacionPrueba.csproj", "{EE45D660-D058-4271-9C5F-8378B2E3FBD0}"
EndProject
Global
	GlobalSection(SolutionConfigurationPlatforms) = preSolution
		Debug|Any CPU = Debug|Any CPU
		Release|Any CPU = Release|Any CPU
	EndGlobalSection
	GlobalSection(ProjectConfigurationPlatforms) = postSolution
		{5EA1A122-CFA2-4D68-8955-7686A4D398BB}.Debug|Any CPU.ActiveCfg = Debug|Any CPU
		{5EA1A122-CFA2-4D68-8955-7686A4D398BB}.Debug|Any CPU.Build.0 = Debug|Any CPU
		{5EA1A122-CFA2-4D68-8955-7686A4D398BB}.Release|Any CPU.ActiveCfg = Release|Any CPU
		{5EA1A122-CFA2-4D68-8955-7686A4D398BB}.Release|Any CPU.Build.0 = Release|Any CPU
		{EE45D660-D058-4271-9C5F-8378B2E3FBD0}.Debug|Any CPU.ActiveCfg = Debug|Any CPU
		{EE45D660-D058-4271-9C5F-8378B2E3FBD0}.Debug|Any CPU.Build.0 = Debug|Any CPU
		{EE45D660-D058-4271-9C5F-8378B2E3FBD0}.Release|Any CPU.ActiveCfg = Release|Any CPU
		{EE45D660-D058-4271-9C5F-8378B2E3FBD0}.Release|Any CPU.Build.0 = Release|Any CPU
	EndGlobalSection
	GlobalSection(SolutionProperties) = preSolution
		HideSolutionNode = FALSE
	EndGlobalSection
	GlobalSection(ExtensibilityGlobals) = postSolution
		SolutionGuid = {F26C73F3-03E1-4F6A-98A7-AE748AAEDBB7}
	EndGlobalSection
EndGlobal
